
Microsoft Visual Studio Solution File, Format Version 12.00
# Visual Studio Version 16
VisualStudioVersion = 16.0.32228.343
MinimumVisualStudioVersion = 10.0.40219.1
Project("{FAE04EC0-301F-11D3-BF4B-00C04F79EFBC}") = "WpfApp1калькулятор", "WpfApp1калькулятор.csproj", "{FE1DF3B0-98E7-484B-ADE5-41C80D5AF61C}"
EndProject
Global
	GlobalSection(SolutionConfigurationPlatforms) = preSolution
		Debug|Any CPU = Debug|Any CPU
		Release|Any CPU = Release|Any CPU
	EndGlobalSection
	GlobalSection(ProjectConfigurationPlatforms) = postSolution
		{FE1DF3B0-98E7-484B-ADE5-41C80D5AF61C}.Debug|Any CPU.ActiveCfg = Debug|Any CPU
		{FE1DF3B0-98E7-484B-ADE5-41C80D5AF61C}.Debug|Any CPU.Build.0 = Debug|Any CPU
		{FE1DF3B0-98E7-484B-ADE5-41C80D5AF61C}.Release|Any CPU.ActiveCfg = Release|Any CPU
		{FE1DF3B0-98E7-484B-ADE5-41C80D5AF61C}.Release|Any CPU.Build.0 = Release|Any CPU
	EndGlobalSection
	GlobalSection(SolutionProperties) = preSolution
		HideSolutionNode = FALSE
	EndGlobalSection
	GlobalSection(ExtensibilityGlobals) = postSolution
		SolutionGuid = {27C0FFB7-6BAC-4AF3-BAB9-97072D6EBC59}
	EndGlobalSection
EndGlobal
