
Microsoft Visual Studio Solution File, Format Version 12.00
# Visual Studio Version 16
VisualStudioVersion = 16.0.32228.343
MinimumVisualStudioVersion = 10.0.40219.1
Project("{FAE04EC0-301F-11D3-BF4B-00C04F79EFBC}") = "ConsoleAppdolg6", "ConsoleAppdolg6.csproj", "{AF55A9B5-9082-474F-A8EB-EC755B861655}"
EndProject
Global
	GlobalSection(SolutionConfigurationPlatforms) = preSolution
		Debug|Any CPU = Debug|Any CPU
		Release|Any CPU = Release|Any CPU
	EndGlobalSection
	GlobalSection(ProjectConfigurationPlatforms) = postSolution
		{AF55A9B5-9082-474F-A8EB-EC755B861655}.Debug|Any CPU.ActiveCfg = Debug|Any CPU
		{AF55A9B5-9082-474F-A8EB-EC755B861655}.Debug|Any CPU.Build.0 = Debug|Any CPU
		{AF55A9B5-9082-474F-A8EB-EC755B861655}.Release|Any CPU.ActiveCfg = Release|Any CPU
		{AF55A9B5-9082-474F-A8EB-EC755B861655}.Release|Any CPU.Build.0 = Release|Any CPU
	EndGlobalSection
	GlobalSection(SolutionProperties) = preSolution
		HideSolutionNode = FALSE
	EndGlobalSection
	GlobalSection(ExtensibilityGlobals) = postSolution
		SolutionGuid = {F06DB2CA-41D6-4756-ADE8-9FFDE1B2C44A}
	EndGlobalSection
EndGlobal
