
Microsoft Visual Studio Solution File, Format Version 12.00
# Visual Studio Version 16
VisualStudioVersion = 16.0.32228.343
MinimumVisualStudioVersion = 10.0.40219.1
Project("{FAE04EC0-301F-11D3-BF4B-00C04F79EFBC}") = "Single Responsibility Principle", "Single Responsibility Principle.csproj", "{F6A9C3C0-67EB-4A73-A24D-C1A525A564FE}"
EndProject
Global
	GlobalSection(SolutionConfigurationPlatforms) = preSolution
		Debug|Any CPU = Debug|Any CPU
		Release|Any CPU = Release|Any CPU
	EndGlobalSection
	GlobalSection(ProjectConfigurationPlatforms) = postSolution
		{F6A9C3C0-67EB-4A73-A24D-C1A525A564FE}.Debug|Any CPU.ActiveCfg = Debug|Any CPU
		{F6A9C3C0-67EB-4A73-A24D-C1A525A564FE}.Debug|Any CPU.Build.0 = Debug|Any CPU
		{F6A9C3C0-67EB-4A73-A24D-C1A525A564FE}.Release|Any CPU.ActiveCfg = Release|Any CPU
		{F6A9C3C0-67EB-4A73-A24D-C1A525A564FE}.Release|Any CPU.Build.0 = Release|Any CPU
	EndGlobalSection
	GlobalSection(SolutionProperties) = preSolution
		HideSolutionNode = FALSE
	EndGlobalSection
	GlobalSection(ExtensibilityGlobals) = postSolution
		SolutionGuid = {A61F9185-6091-4D94-A4F7-F909483BF28D}
	EndGlobalSection
EndGlobal
