
Microsoft Visual Studio Solution File, Format Version 12.00
# Visual Studio Version 16
VisualStudioVersion = 16.0.32228.343
MinimumVisualStudioVersion = 10.0.40219.1
Project("{FAE04EC0-301F-11D3-BF4B-00C04F79EFBC}") = "project Printer (strategy)", "project Printer (strategy).csproj", "{C8FA3529-716F-43DB-821D-12C90D78C9BE}"
EndProject
Global
	GlobalSection(SolutionConfigurationPlatforms) = preSolution
		Debug|Any CPU = Debug|Any CPU
		Release|Any CPU = Release|Any CPU
	EndGlobalSection
	GlobalSection(ProjectConfigurationPlatforms) = postSolution
		{C8FA3529-716F-43DB-821D-12C90D78C9BE}.Debug|Any CPU.ActiveCfg = Debug|Any CPU
		{C8FA3529-716F-43DB-821D-12C90D78C9BE}.Debug|Any CPU.Build.0 = Debug|Any CPU
		{C8FA3529-716F-43DB-821D-12C90D78C9BE}.Release|Any CPU.ActiveCfg = Release|Any CPU
		{C8FA3529-716F-43DB-821D-12C90D78C9BE}.Release|Any CPU.Build.0 = Release|Any CPU
	EndGlobalSection
	GlobalSection(SolutionProperties) = preSolution
		HideSolutionNode = FALSE
	EndGlobalSection
	GlobalSection(ExtensibilityGlobals) = postSolution
		SolutionGuid = {D44D7A52-90B2-4A3B-9D59-F04152F31A69}
	EndGlobalSection
EndGlobal
