
Microsoft Visual Studio Solution File, Format Version 12.00
# Visual Studio Version 16
VisualStudioVersion = 16.0.33214.272
MinimumVisualStudioVersion = 10.0.40219.1
Project("{8BC9CEB8-8B4A-11D0-8D11-00A0C91BC942}") = "3ulitsa", "3ulitsa.vcxproj", "{A122AB99-7E95-4DE3-BB6F-17CF804C270B}"
EndProject
Global
	GlobalSection(SolutionConfigurationPlatforms) = preSolution
		Debug|x64 = Debug|x64
		Debug|x86 = Debug|x86
		Release|x64 = Release|x64
		Release|x86 = Release|x86
	EndGlobalSection
	GlobalSection(ProjectConfigurationPlatforms) = postSolution
		{A122AB99-7E95-4DE3-BB6F-17CF804C270B}.Debug|x64.ActiveCfg = Debug|x64
		{A122AB99-7E95-4DE3-BB6F-17CF804C270B}.Debug|x64.Build.0 = Debug|x64
		{A122AB99-7E95-4DE3-BB6F-17CF804C270B}.Debug|x86.ActiveCfg = Debug|Win32
		{A122AB99-7E95-4DE3-BB6F-17CF804C270B}.Debug|x86.Build.0 = Debug|Win32
		{A122AB99-7E95-4DE3-BB6F-17CF804C270B}.Release|x64.ActiveCfg = Release|x64
		{A122AB99-7E95-4DE3-BB6F-17CF804C270B}.Release|x64.Build.0 = Release|x64
		{A122AB99-7E95-4DE3-BB6F-17CF804C270B}.Release|x86.ActiveCfg = Release|Win32
		{A122AB99-7E95-4DE3-BB6F-17CF804C270B}.Release|x86.Build.0 = Release|Win32
	EndGlobalSection
	GlobalSection(SolutionProperties) = preSolution
		HideSolutionNode = FALSE
	EndGlobalSection
	GlobalSection(ExtensibilityGlobals) = postSolution
		SolutionGuid = {6214EB9D-988C-4ABC-8E4F-693A930D7936}
	EndGlobalSection
EndGlobal
