
Microsoft Visual Studio Solution File, Format Version 12.00
# Visual Studio Version 16
VisualStudioVersion = 16.0.32228.343
MinimumVisualStudioVersion = 10.0.40219.1
Project("{FAE04EC0-301F-11D3-BF4B-00C04F79EFBC}") = "pattern Composite", "pattern Composite.csproj", "{B2B0FC46-A0F0-4599-9F4C-C92827E7B158}"
EndProject
Global
	GlobalSection(SolutionConfigurationPlatforms) = preSolution
		Debug|Any CPU = Debug|Any CPU
		Release|Any CPU = Release|Any CPU
	EndGlobalSection
	GlobalSection(ProjectConfigurationPlatforms) = postSolution
		{B2B0FC46-A0F0-4599-9F4C-C92827E7B158}.Debug|Any CPU.ActiveCfg = Debug|Any CPU
		{B2B0FC46-A0F0-4599-9F4C-C92827E7B158}.Debug|Any CPU.Build.0 = Debug|Any CPU
		{B2B0FC46-A0F0-4599-9F4C-C92827E7B158}.Release|Any CPU.ActiveCfg = Release|Any CPU
		{B2B0FC46-A0F0-4599-9F4C-C92827E7B158}.Release|Any CPU.Build.0 = Release|Any CPU
	EndGlobalSection
	GlobalSection(SolutionProperties) = preSolution
		HideSolutionNode = FALSE
	EndGlobalSection
	GlobalSection(ExtensibilityGlobals) = postSolution
		SolutionGuid = {DC48410B-6F43-42FE-9957-DEE56A8AC0E5}
	EndGlobalSection
EndGlobal
