
Microsoft Visual Studio Solution File, Format Version 12.00
# Visual Studio Version 16
VisualStudioVersion = 16.0.33801.447
MinimumVisualStudioVersion = 10.0.40219.1
Project("{FAE04EC0-301F-11D3-BF4B-00C04F79EFBC}") = "App", "App.csproj", "{80593BDD-2CD2-4E9E-A919-97D5A66869D3}"
EndProject
Project("{FAE04EC0-301F-11D3-BF4B-00C04F79EFBC}") = "UnitTestApp", "..\UnitTestApp\UnitTestApp.csproj", "{F66B219C-266D-4829-B429-8B09E0B4B774}"
EndProject
Global
	GlobalSection(SolutionConfigurationPlatforms) = preSolution
		Debug|Any CPU = Debug|Any CPU
		Release|Any CPU = Release|Any CPU
	EndGlobalSection
	GlobalSection(ProjectConfigurationPlatforms) = postSolution
		{80593BDD-2CD2-4E9E-A919-97D5A66869D3}.Debug|Any CPU.ActiveCfg = Debug|Any CPU
		{80593BDD-2CD2-4E9E-A919-97D5A66869D3}.Debug|Any CPU.Build.0 = Debug|Any CPU
		{80593BDD-2CD2-4E9E-A919-97D5A66869D3}.Release|Any CPU.ActiveCfg = Release|Any CPU
		{80593BDD-2CD2-4E9E-A919-97D5A66869D3}.Release|Any CPU.Build.0 = Release|Any CPU
		{F66B219C-266D-4829-B429-8B09E0B4B774}.Debug|Any CPU.ActiveCfg = Debug|Any CPU
		{F66B219C-266D-4829-B429-8B09E0B4B774}.Debug|Any CPU.Build.0 = Debug|Any CPU
		{F66B219C-266D-4829-B429-8B09E0B4B774}.Release|Any CPU.ActiveCfg = Release|Any CPU
		{F66B219C-266D-4829-B429-8B09E0B4B774}.Release|Any CPU.Build.0 = Release|Any CPU
	EndGlobalSection
	GlobalSection(SolutionProperties) = preSolution
		HideSolutionNode = FALSE
	EndGlobalSection
	GlobalSection(ExtensibilityGlobals) = postSolution
		SolutionGuid = {E1149126-C984-42F4-A8C7-1D85556A7EAA}
	EndGlobalSection
EndGlobal
