
Microsoft Visual Studio Solution File, Format Version 12.00
# Visual Studio Version 16
VisualStudioVersion = 16.0.32228.343
MinimumVisualStudioVersion = 10.0.40219.1
Project("{FAE04EC0-301F-11D3-BF4B-00C04F79EFBC}") = "ConsoleAppdolg3", "ConsoleAppdolg3.csproj", "{74970F79-73C0-45DD-90CB-BD6F16AB12E8}"
EndProject
Global
	GlobalSection(SolutionConfigurationPlatforms) = preSolution
		Debug|Any CPU = Debug|Any CPU
		Release|Any CPU = Release|Any CPU
	EndGlobalSection
	GlobalSection(ProjectConfigurationPlatforms) = postSolution
		{74970F79-73C0-45DD-90CB-BD6F16AB12E8}.Debug|Any CPU.ActiveCfg = Debug|Any CPU
		{74970F79-73C0-45DD-90CB-BD6F16AB12E8}.Debug|Any CPU.Build.0 = Debug|Any CPU
		{74970F79-73C0-45DD-90CB-BD6F16AB12E8}.Release|Any CPU.ActiveCfg = Release|Any CPU
		{74970F79-73C0-45DD-90CB-BD6F16AB12E8}.Release|Any CPU.Build.0 = Release|Any CPU
	EndGlobalSection
	GlobalSection(SolutionProperties) = preSolution
		HideSolutionNode = FALSE
	EndGlobalSection
	GlobalSection(ExtensibilityGlobals) = postSolution
		SolutionGuid = {628B2CB2-F724-45DD-8DB4-54A2907E7194}
	EndGlobalSection
EndGlobal
