
Microsoft Visual Studio Solution File, Format Version 12.00
# Visual Studio Version 16
VisualStudioVersion = 16.0.32228.343
MinimumVisualStudioVersion = 10.0.40219.1
Project("{FAE04EC0-301F-11D3-BF4B-00C04F79EFBC}") = "pattern Visitor", "pattern Visitor.csproj", "{FD7E2D2E-74A6-44A5-88D4-8BF4217E6C21}"
EndProject
Global
	GlobalSection(SolutionConfigurationPlatforms) = preSolution
		Debug|Any CPU = Debug|Any CPU
		Release|Any CPU = Release|Any CPU
	EndGlobalSection
	GlobalSection(ProjectConfigurationPlatforms) = postSolution
		{FD7E2D2E-74A6-44A5-88D4-8BF4217E6C21}.Debug|Any CPU.ActiveCfg = Debug|Any CPU
		{FD7E2D2E-74A6-44A5-88D4-8BF4217E6C21}.Debug|Any CPU.Build.0 = Debug|Any CPU
		{FD7E2D2E-74A6-44A5-88D4-8BF4217E6C21}.Release|Any CPU.ActiveCfg = Release|Any CPU
		{FD7E2D2E-74A6-44A5-88D4-8BF4217E6C21}.Release|Any CPU.Build.0 = Release|Any CPU
	EndGlobalSection
	GlobalSection(SolutionProperties) = preSolution
		HideSolutionNode = FALSE
	EndGlobalSection
	GlobalSection(ExtensibilityGlobals) = postSolution
		SolutionGuid = {5BBC2D4A-DF73-4722-AAFA-8D5941376E02}
	EndGlobalSection
EndGlobal
