
Microsoft Visual Studio Solution File, Format Version 12.00
# Visual Studio Version 16
VisualStudioVersion = 16.0.32228.343
MinimumVisualStudioVersion = 10.0.40219.1
Project("{FAE04EC0-301F-11D3-BF4B-00C04F79EFBC}") = "ConsoleAppdolg 3", "ConsoleAppdolg 3.csproj", "{5A4F8CCC-137C-418C-A34F-5EB93352609F}"
EndProject
Global
	GlobalSection(SolutionConfigurationPlatforms) = preSolution
		Debug|Any CPU = Debug|Any CPU
		Release|Any CPU = Release|Any CPU
	EndGlobalSection
	GlobalSection(ProjectConfigurationPlatforms) = postSolution
		{5A4F8CCC-137C-418C-A34F-5EB93352609F}.Debug|Any CPU.ActiveCfg = Debug|Any CPU
		{5A4F8CCC-137C-418C-A34F-5EB93352609F}.Debug|Any CPU.Build.0 = Debug|Any CPU
		{5A4F8CCC-137C-418C-A34F-5EB93352609F}.Release|Any CPU.ActiveCfg = Release|Any CPU
		{5A4F8CCC-137C-418C-A34F-5EB93352609F}.Release|Any CPU.Build.0 = Release|Any CPU
	EndGlobalSection
	GlobalSection(SolutionProperties) = preSolution
		HideSolutionNode = FALSE
	EndGlobalSection
	GlobalSection(ExtensibilityGlobals) = postSolution
		SolutionGuid = {F7072270-1D21-44E2-8EE4-31B323012FAD}
	EndGlobalSection
EndGlobal
