
Microsoft Visual Studio Solution File, Format Version 12.00
# Visual Studio Version 16
VisualStudioVersion = 16.0.32228.343
MinimumVisualStudioVersion = 10.0.40219.1
Project("{FAE04EC0-301F-11D3-BF4B-00C04F79EFBC}") = "pattern Decorator", "pattern Decorator.csproj", "{5CE9694A-71F4-4461-80B2-0BAF40F81DBF}"
EndProject
Global
	GlobalSection(SolutionConfigurationPlatforms) = preSolution
		Debug|Any CPU = Debug|Any CPU
		Release|Any CPU = Release|Any CPU
	EndGlobalSection
	GlobalSection(ProjectConfigurationPlatforms) = postSolution
		{5CE9694A-71F4-4461-80B2-0BAF40F81DBF}.Debug|Any CPU.ActiveCfg = Debug|Any CPU
		{5CE9694A-71F4-4461-80B2-0BAF40F81DBF}.Debug|Any CPU.Build.0 = Debug|Any CPU
		{5CE9694A-71F4-4461-80B2-0BAF40F81DBF}.Release|Any CPU.ActiveCfg = Release|Any CPU
		{5CE9694A-71F4-4461-80B2-0BAF40F81DBF}.Release|Any CPU.Build.0 = Release|Any CPU
	EndGlobalSection
	GlobalSection(SolutionProperties) = preSolution
		HideSolutionNode = FALSE
	EndGlobalSection
	GlobalSection(ExtensibilityGlobals) = postSolution
		SolutionGuid = {AE604AAA-BE7F-4C36-927F-D385DEE6F6FC}
	EndGlobalSection
EndGlobal
