
Microsoft Visual Studio Solution File, Format Version 12.00
# Visual Studio Version 16
VisualStudioVersion = 16.0.32228.343
MinimumVisualStudioVersion = 10.0.40219.1
Project("{FAE04EC0-301F-11D3-BF4B-00C04F79EFBC}") = "pattern singleton", "pattern singleton.csproj", "{4A526686-9360-4CE7-9CE0-C92748263F6D}"
EndProject
Global
	GlobalSection(SolutionConfigurationPlatforms) = preSolution
		Debug|Any CPU = Debug|Any CPU
		Release|Any CPU = Release|Any CPU
	EndGlobalSection
	GlobalSection(ProjectConfigurationPlatforms) = postSolution
		{4A526686-9360-4CE7-9CE0-C92748263F6D}.Debug|Any CPU.ActiveCfg = Debug|Any CPU
		{4A526686-9360-4CE7-9CE0-C92748263F6D}.Debug|Any CPU.Build.0 = Debug|Any CPU
		{4A526686-9360-4CE7-9CE0-C92748263F6D}.Release|Any CPU.ActiveCfg = Release|Any CPU
		{4A526686-9360-4CE7-9CE0-C92748263F6D}.Release|Any CPU.Build.0 = Release|Any CPU
	EndGlobalSection
	GlobalSection(SolutionProperties) = preSolution
		HideSolutionNode = FALSE
	EndGlobalSection
	GlobalSection(ExtensibilityGlobals) = postSolution
		SolutionGuid = {D7AB77FD-2AC5-43CC-9335-B52E364C0C69}
	EndGlobalSection
EndGlobal
