
Microsoft Visual Studio Solution File, Format Version 12.00
# Visual Studio Version 16
VisualStudioVersion = 16.0.32228.343
MinimumVisualStudioVersion = 10.0.40219.1
Project("{FAE04EC0-301F-11D3-BF4B-00C04F79EFBC}") = "principle Tell-Don't-Ask", "principle Tell-Don't-Ask.csproj", "{DF8B01FE-2B9B-4121-AA73-9BF3BF19732E}"
EndProject
Global
	GlobalSection(SolutionConfigurationPlatforms) = preSolution
		Debug|Any CPU = Debug|Any CPU
		Release|Any CPU = Release|Any CPU
	EndGlobalSection
	GlobalSection(ProjectConfigurationPlatforms) = postSolution
		{DF8B01FE-2B9B-4121-AA73-9BF3BF19732E}.Debug|Any CPU.ActiveCfg = Debug|Any CPU
		{DF8B01FE-2B9B-4121-AA73-9BF3BF19732E}.Debug|Any CPU.Build.0 = Debug|Any CPU
		{DF8B01FE-2B9B-4121-AA73-9BF3BF19732E}.Release|Any CPU.ActiveCfg = Release|Any CPU
		{DF8B01FE-2B9B-4121-AA73-9BF3BF19732E}.Release|Any CPU.Build.0 = Release|Any CPU
	EndGlobalSection
	GlobalSection(SolutionProperties) = preSolution
		HideSolutionNode = FALSE
	EndGlobalSection
	GlobalSection(ExtensibilityGlobals) = postSolution
		SolutionGuid = {29AFAFFF-5F56-489B-BC7B-1759CB82FA88}
	EndGlobalSection
EndGlobal
