
Microsoft Visual Studio Solution File, Format Version 12.00
# Visual Studio Version 16
VisualStudioVersion = 16.0.32228.343
MinimumVisualStudioVersion = 10.0.40219.1
Project("{FAE04EC0-301F-11D3-BF4B-00C04F79EFBC}") = "pattern Bridge", "pattern Bridge.csproj", "{DE023B9A-D2F6-4FC3-AA35-9E57942C04B1}"
EndProject
Global
	GlobalSection(SolutionConfigurationPlatforms) = preSolution
		Debug|Any CPU = Debug|Any CPU
		Release|Any CPU = Release|Any CPU
	EndGlobalSection
	GlobalSection(ProjectConfigurationPlatforms) = postSolution
		{DE023B9A-D2F6-4FC3-AA35-9E57942C04B1}.Debug|Any CPU.ActiveCfg = Debug|Any CPU
		{DE023B9A-D2F6-4FC3-AA35-9E57942C04B1}.Debug|Any CPU.Build.0 = Debug|Any CPU
		{DE023B9A-D2F6-4FC3-AA35-9E57942C04B1}.Release|Any CPU.ActiveCfg = Release|Any CPU
		{DE023B9A-D2F6-4FC3-AA35-9E57942C04B1}.Release|Any CPU.Build.0 = Release|Any CPU
	EndGlobalSection
	GlobalSection(SolutionProperties) = preSolution
		HideSolutionNode = FALSE
	EndGlobalSection
	GlobalSection(ExtensibilityGlobals) = postSolution
		SolutionGuid = {927ACD8D-A76C-41CE-9C11-5566623505CC}
	EndGlobalSection
EndGlobal
