
Microsoft Visual Studio Solution File, Format Version 12.00
# Visual Studio Version 16
VisualStudioVersion = 16.0.32802.440
MinimumVisualStudioVersion = 10.0.40219.1
Project("{FAE04EC0-301F-11D3-BF4B-00C04F79EFBC}") = "MyCalcLib", "MyCalcLib.csproj", "{074E6D26-1C50-4970-8B99-A1208C353C08}"
EndProject
Project("{FAE04EC0-301F-11D3-BF4B-00C04F79EFBC}") = "MyCalcLibTest", "..\MyCalcLibTest\MyCalcLibTest.csproj", "{71405195-5326-4000-9FBE-094759DFFC27}"
EndProject
Global
	GlobalSection(SolutionConfigurationPlatforms) = preSolution
		Debug|Any CPU = Debug|Any CPU
		Release|Any CPU = Release|Any CPU
	EndGlobalSection
	GlobalSection(ProjectConfigurationPlatforms) = postSolution
		{074E6D26-1C50-4970-8B99-A1208C353C08}.Debug|Any CPU.ActiveCfg = Debug|Any CPU
		{074E6D26-1C50-4970-8B99-A1208C353C08}.Debug|Any CPU.Build.0 = Debug|Any CPU
		{074E6D26-1C50-4970-8B99-A1208C353C08}.Release|Any CPU.ActiveCfg = Release|Any CPU
		{074E6D26-1C50-4970-8B99-A1208C353C08}.Release|Any CPU.Build.0 = Release|Any CPU
		{71405195-5326-4000-9FBE-094759DFFC27}.Debug|Any CPU.ActiveCfg = Debug|Any CPU
		{71405195-5326-4000-9FBE-094759DFFC27}.Debug|Any CPU.Build.0 = Debug|Any CPU
		{71405195-5326-4000-9FBE-094759DFFC27}.Release|Any CPU.ActiveCfg = Release|Any CPU
		{71405195-5326-4000-9FBE-094759DFFC27}.Release|Any CPU.Build.0 = Release|Any CPU
	EndGlobalSection
	GlobalSection(SolutionProperties) = preSolution
		HideSolutionNode = FALSE
	EndGlobalSection
	GlobalSection(ExtensibilityGlobals) = postSolution
		SolutionGuid = {2B7F8675-2F4D-48F0-B3F3-9FDF86C48CFE}
	EndGlobalSection
EndGlobal
