
Microsoft Visual Studio Solution File, Format Version 12.00
# Visual Studio Version 16
VisualStudioVersion = 16.0.32228.343
MinimumVisualStudioVersion = 10.0.40219.1
Project("{FAE04EC0-301F-11D3-BF4B-00C04F79EFBC}") = "pattern Template method", "pattern Template method.csproj", "{D598FC8B-2AA3-401A-80D0-1C63A81600CE}"
EndProject
Global
	GlobalSection(SolutionConfigurationPlatforms) = preSolution
		Debug|Any CPU = Debug|Any CPU
		Release|Any CPU = Release|Any CPU
	EndGlobalSection
	GlobalSection(ProjectConfigurationPlatforms) = postSolution
		{D598FC8B-2AA3-401A-80D0-1C63A81600CE}.Debug|Any CPU.ActiveCfg = Debug|Any CPU
		{D598FC8B-2AA3-401A-80D0-1C63A81600CE}.Debug|Any CPU.Build.0 = Debug|Any CPU
		{D598FC8B-2AA3-401A-80D0-1C63A81600CE}.Release|Any CPU.ActiveCfg = Release|Any CPU
		{D598FC8B-2AA3-401A-80D0-1C63A81600CE}.Release|Any CPU.Build.0 = Release|Any CPU
	EndGlobalSection
	GlobalSection(SolutionProperties) = preSolution
		HideSolutionNode = FALSE
	EndGlobalSection
	GlobalSection(ExtensibilityGlobals) = postSolution
		SolutionGuid = {8BE53E3F-7281-41CD-978D-AEF27DA2E2CB}
	EndGlobalSection
EndGlobal
