
Microsoft Visual Studio Solution File, Format Version 12.00
# Visual Studio Version 16
VisualStudioVersion = 16.0.32228.343
MinimumVisualStudioVersion = 10.0.40219.1
Project("{FAE04EC0-301F-11D3-BF4B-00C04F79EFBC}") = "pattern observer", "pattern observer.csproj", "{5726320E-AF40-4EA8-AD73-116E9328C5DA}"
EndProject
Global
	GlobalSection(SolutionConfigurationPlatforms) = preSolution
		Debug|Any CPU = Debug|Any CPU
		Release|Any CPU = Release|Any CPU
	EndGlobalSection
	GlobalSection(ProjectConfigurationPlatforms) = postSolution
		{5726320E-AF40-4EA8-AD73-116E9328C5DA}.Debug|Any CPU.ActiveCfg = Debug|Any CPU
		{5726320E-AF40-4EA8-AD73-116E9328C5DA}.Debug|Any CPU.Build.0 = Debug|Any CPU
		{5726320E-AF40-4EA8-AD73-116E9328C5DA}.Release|Any CPU.ActiveCfg = Release|Any CPU
		{5726320E-AF40-4EA8-AD73-116E9328C5DA}.Release|Any CPU.Build.0 = Release|Any CPU
	EndGlobalSection
	GlobalSection(SolutionProperties) = preSolution
		HideSolutionNode = FALSE
	EndGlobalSection
	GlobalSection(ExtensibilityGlobals) = postSolution
		SolutionGuid = {3861A280-5B52-4518-B29F-D72F6F66C33A}
	EndGlobalSection
EndGlobal
