
Microsoft Visual Studio Solution File, Format Version 12.00
# Visual Studio Version 16
VisualStudioVersion = 16.0.32228.343
MinimumVisualStudioVersion = 10.0.40219.1
Project("{FAE04EC0-301F-11D3-BF4B-00C04F79EFBC}") = "pattern Fluent Builder", "pattern Fluent Builder.csproj", "{A8DAD6CF-5144-432C-AF69-EB3A9A925917}"
EndProject
Global
	GlobalSection(SolutionConfigurationPlatforms) = preSolution
		Debug|Any CPU = Debug|Any CPU
		Release|Any CPU = Release|Any CPU
	EndGlobalSection
	GlobalSection(ProjectConfigurationPlatforms) = postSolution
		{A8DAD6CF-5144-432C-AF69-EB3A9A925917}.Debug|Any CPU.ActiveCfg = Debug|Any CPU
		{A8DAD6CF-5144-432C-AF69-EB3A9A925917}.Debug|Any CPU.Build.0 = Debug|Any CPU
		{A8DAD6CF-5144-432C-AF69-EB3A9A925917}.Release|Any CPU.ActiveCfg = Release|Any CPU
		{A8DAD6CF-5144-432C-AF69-EB3A9A925917}.Release|Any CPU.Build.0 = Release|Any CPU
	EndGlobalSection
	GlobalSection(SolutionProperties) = preSolution
		HideSolutionNode = FALSE
	EndGlobalSection
	GlobalSection(ExtensibilityGlobals) = postSolution
		SolutionGuid = {08B45EDC-026D-4B51-ABCE-C1241C7253BF}
	EndGlobalSection
EndGlobal
