
Microsoft Visual Studio Solution File, Format Version 12.00
# Visual Studio Version 16
VisualStudioVersion = 16.0.33801.447
MinimumVisualStudioVersion = 10.0.40219.1
Project("{FAE04EC0-301F-11D3-BF4B-00C04F79EFBC}") = "Qaaaa", "Qaaaa.csproj", "{C0BBBA0F-5C9F-49B5-A3D7-E8FC806A760B}"
EndProject
Project("{FAE04EC0-301F-11D3-BF4B-00C04F79EFBC}") = "Test Qaaaa", "..\Test Qaaaa\Test Qaaaa.csproj", "{63C6A0D9-78DC-4AB3-9282-E6B098895100}"
EndProject
Global
	GlobalSection(SolutionConfigurationPlatforms) = preSolution
		Debug|Any CPU = Debug|Any CPU
		Release|Any CPU = Release|Any CPU
	EndGlobalSection
	GlobalSection(ProjectConfigurationPlatforms) = postSolution
		{C0BBBA0F-5C9F-49B5-A3D7-E8FC806A760B}.Debug|Any CPU.ActiveCfg = Debug|Any CPU
		{C0BBBA0F-5C9F-49B5-A3D7-E8FC806A760B}.Debug|Any CPU.Build.0 = Debug|Any CPU
		{C0BBBA0F-5C9F-49B5-A3D7-E8FC806A760B}.Release|Any CPU.ActiveCfg = Release|Any CPU
		{C0BBBA0F-5C9F-49B5-A3D7-E8FC806A760B}.Release|Any CPU.Build.0 = Release|Any CPU
		{63C6A0D9-78DC-4AB3-9282-E6B098895100}.Debug|Any CPU.ActiveCfg = Debug|Any CPU
		{63C6A0D9-78DC-4AB3-9282-E6B098895100}.Debug|Any CPU.Build.0 = Debug|Any CPU
		{63C6A0D9-78DC-4AB3-9282-E6B098895100}.Release|Any CPU.ActiveCfg = Release|Any CPU
		{63C6A0D9-78DC-4AB3-9282-E6B098895100}.Release|Any CPU.Build.0 = Release|Any CPU
	EndGlobalSection
	GlobalSection(SolutionProperties) = preSolution
		HideSolutionNode = FALSE
	EndGlobalSection
	GlobalSection(ExtensibilityGlobals) = postSolution
		SolutionGuid = {35E2AC20-2360-482A-937E-08F2698A7F0C}
	EndGlobalSection
EndGlobal
