
Microsoft Visual Studio Solution File, Format Version 12.00
# Visual Studio Version 17
VisualStudioVersion = 17.10.34928.147
MinimumVisualStudioVersion = 10.0.40219.1
Project("{FAE04EC0-301F-11D3-BF4B-00C04F79EFBC}") = "DE_Migalkina_22", "DE_Migalkina_22\DE_Migalkina_22.csproj", "{88A8CF8A-4785-4E5B-9DA0-9AE62436E857}"
EndProject
Global
	GlobalSection(SolutionConfigurationPlatforms) = preSolution
		Debug|Any CPU = Debug|Any CPU
		Release|Any CPU = Release|Any CPU
	EndGlobalSection
	GlobalSection(ProjectConfigurationPlatforms) = postSolution
		{88A8CF8A-4785-4E5B-9DA0-9AE62436E857}.Debug|Any CPU.ActiveCfg = Debug|Any CPU
		{88A8CF8A-4785-4E5B-9DA0-9AE62436E857}.Debug|Any CPU.Build.0 = Debug|Any CPU
		{88A8CF8A-4785-4E5B-9DA0-9AE62436E857}.Release|Any CPU.ActiveCfg = Release|Any CPU
		{88A8CF8A-4785-4E5B-9DA0-9AE62436E857}.Release|Any CPU.Build.0 = Release|Any CPU
	EndGlobalSection
	GlobalSection(SolutionProperties) = preSolution
		HideSolutionNode = FALSE
	EndGlobalSection
	GlobalSection(ExtensibilityGlobals) = postSolution
		SolutionGuid = {4CAE5ADE-27BB-4E7F-B5F0-04424482240B}
	EndGlobalSection
EndGlobal
