
Microsoft Visual Studio Solution File, Format Version 12.00
# Visual Studio Version 17
VisualStudioVersion = 17.1.32319.34
MinimumVisualStudioVersion = 10.0.40219.1
Project("{FAE04EC0-301F-11D3-BF4B-00C04F79EFBC}") = "ConsoleApp4", "ConsoleApp4\ConsoleApp4.csproj", "{DDF8C349-EA7A-4D7D-8EAE-93AFA4E05E0C}"
EndProject
Global
	GlobalSection(SolutionConfigurationPlatforms) = preSolution
		Debug|Any CPU = Debug|Any CPU
		Release|Any CPU = Release|Any CPU
	EndGlobalSection
	GlobalSection(ProjectConfigurationPlatforms) = postSolution
		{DDF8C349-EA7A-4D7D-8EAE-93AFA4E05E0C}.Debug|Any CPU.ActiveCfg = Debug|Any CPU
		{DDF8C349-EA7A-4D7D-8EAE-93AFA4E05E0C}.Debug|Any CPU.Build.0 = Debug|Any CPU
		{DDF8C349-EA7A-4D7D-8EAE-93AFA4E05E0C}.Release|Any CPU.ActiveCfg = Release|Any CPU
		{DDF8C349-EA7A-4D7D-8EAE-93AFA4E05E0C}.Release|Any CPU.Build.0 = Release|Any CPU
	EndGlobalSection
	GlobalSection(SolutionProperties) = preSolution
		HideSolutionNode = FALSE
	EndGlobalSection
	GlobalSection(ExtensibilityGlobals) = postSolution
		SolutionGuid = {56E087FE-F016-46A9-A63E-90B52138F8A8}
	EndGlobalSection
EndGlobal
